{
  "requires": true,
  "lockfileVersion": 1,
  "dependencies": {
    "sweetalert2": {
      "version": "7.19.2",
      "resolved": "https://registry.npmjs.org/sweetalert2/-/sweetalert2-7.19.2.tgz",
      "integrity": "sha512-+Kn02IXHoFCHeAf2ig8lfyJzFsR2ju9s9XXvWV+x1VL9YQl4cc16vdZoY7m/XgsykwnNuQt25+A9W7O48H6nsg=="
    }
  }
}
